
Microsoft Visual Studio Solution File, Format Version 12.00
# Visual Studio Version 17
VisualStudioVersion = 17.11.35222.181
MinimumVisualStudioVersion = 10.0.40219.1
Project("{FAE04EC0-301F-11D3-BF4B-00C04F79EFBC}") = "Aluno", "Aluno\Aluno.csproj", "{F4ED20E0-949B-4FF9-8EF3-480ED5CE8B4B}"
EndProject
Global
	GlobalSection(SolutionConfigurationPlatforms) = preSolution
		Debug|Any CPU = Debug|Any CPU
		Release|Any CPU = Release|Any CPU
	EndGlobalSection
	GlobalSection(ProjectConfigurationPlatforms) = postSolution
		{F4ED20E0-949B-4FF9-8EF3-480ED5CE8B4B}.Debug|Any CPU.ActiveCfg = Debug|Any CPU
		{F4ED20E0-949B-4FF9-8EF3-480ED5CE8B4B}.Debug|Any CPU.Build.0 = Debug|Any CPU
		{F4ED20E0-949B-4FF9-8EF3-480ED5CE8B4B}.Release|Any CPU.ActiveCfg = Release|Any CPU
		{F4ED20E0-949B-4FF9-8EF3-480ED5CE8B4B}.Release|Any CPU.Build.0 = Release|Any CPU
	EndGlobalSection
	GlobalSection(SolutionProperties) = preSolution
		HideSolutionNode = FALSE
	EndGlobalSection
	GlobalSection(ExtensibilityGlobals) = postSolution
		SolutionGuid = {1C4D3E59-E9B6-4C43-B755-A964177A10F6}
	EndGlobalSection
EndGlobal
