
Microsoft Visual Studio Solution File, Format Version 12.00
# Visual Studio Version 17
VisualStudioVersion = 17.11.35222.181
MinimumVisualStudioVersion = 10.0.40219.1
Project("{FAE04EC0-301F-11D3-BF4B-00C04F79EFBC}") = "Dolar", "Dolar\Dolar.csproj", "{AAF4D33A-8C16-4EA6-BE74-03C108CFFFBA}"
EndProject
Global
	GlobalSection(SolutionConfigurationPlatforms) = preSolution
		Debug|Any CPU = Debug|Any CPU
		Release|Any CPU = Release|Any CPU
	EndGlobalSection
	GlobalSection(ProjectConfigurationPlatforms) = postSolution
		{AAF4D33A-8C16-4EA6-BE74-03C108CFFFBA}.Debug|Any CPU.ActiveCfg = Debug|Any CPU
		{AAF4D33A-8C16-4EA6-BE74-03C108CFFFBA}.Debug|Any CPU.Build.0 = Debug|Any CPU
		{AAF4D33A-8C16-4EA6-BE74-03C108CFFFBA}.Release|Any CPU.ActiveCfg = Release|Any CPU
		{AAF4D33A-8C16-4EA6-BE74-03C108CFFFBA}.Release|Any CPU.Build.0 = Release|Any CPU
	EndGlobalSection
	GlobalSection(SolutionProperties) = preSolution
		HideSolutionNode = FALSE
	EndGlobalSection
	GlobalSection(ExtensibilityGlobals) = postSolution
		SolutionGuid = {6A4068C9-D059-4535-BE1F-BE0916A315D6}
	EndGlobalSection
EndGlobal
